
Microsoft Visual Studio Solution File, Format Version 11.00
# Visual Studio 2010 Express for Windows Phone
Project("{FAE04EC0-301F-11D3-BF4B-00C04F79EFBC}") = "ComicBrowser", "ComicBrowser\ComicBrowser.csproj", "{C458E1D3-C5E4-4468-8E40-1D47BF3A86FE}"
EndProject
Global
	GlobalSection(SolutionConfigurationPlatforms) = preSolution
		Debug|Any CPU = Debug|Any CPU
		Release|Any CPU = Release|Any CPU
	EndGlobalSection
	GlobalSection(ProjectConfigurationPlatforms) = postSolution
		{C458E1D3-C5E4-4468-8E40-1D47BF3A86FE}.Debug|Any CPU.ActiveCfg = Debug|Any CPU
		{C458E1D3-C5E4-4468-8E40-1D47BF3A86FE}.Debug|Any CPU.Build.0 = Debug|Any CPU
		{C458E1D3-C5E4-4468-8E40-1D47BF3A86FE}.Debug|Any CPU.Deploy.0 = Debug|Any CPU
		{C458E1D3-C5E4-4468-8E40-1D47BF3A86FE}.Release|Any CPU.ActiveCfg = Release|Any CPU
		{C458E1D3-C5E4-4468-8E40-1D47BF3A86FE}.Release|Any CPU.Build.0 = Release|Any CPU
		{C458E1D3-C5E4-4468-8E40-1D47BF3A86FE}.Release|Any CPU.Deploy.0 = Release|Any CPU
	EndGlobalSection
	GlobalSection(SolutionProperties) = preSolution
		HideSolutionNode = FALSE
	EndGlobalSection
EndGlobal
